
Microsoft Visual Studio Solution File, Format Version 12.00
# Visual Studio Version 17
VisualStudioVersion = 17.14.37502.11 d17.14
MinimumVisualStudioVersion = 10.0.40219.1
Project("{FAE04EC0-301F-11D3-BF4B-00C04F79EFBC}") = "HospitalManagementCRUD", "HospitalManagementCRUD.csproj", "{F4D94590-0E1A-4ECE-A42F-40C0DA2AB055}"
EndProject
Global
	GlobalSection(SolutionConfigurationPlatforms) = preSolution
		Debug|Any CPU = Debug|Any CPU
		Release|Any CPU = Release|Any CPU
	EndGlobalSection
	GlobalSection(ProjectConfigurationPlatforms) = postSolution
		{F4D94590-0E1A-4ECE-A42F-40C0DA2AB055}.Debug|Any CPU.ActiveCfg = Debug|Any CPU
		{F4D94590-0E1A-4ECE-A42F-40C0DA2AB055}.Debug|Any CPU.Build.0 = Debug|Any CPU
		{F4D94590-0E1A-4ECE-A42F-40C0DA2AB055}.Release|Any CPU.ActiveCfg = Release|Any CPU
		{F4D94590-0E1A-4ECE-A42F-40C0DA2AB055}.Release|Any CPU.Build.0 = Release|Any CPU
	EndGlobalSection
	GlobalSection(SolutionProperties) = preSolution
		HideSolutionNode = FALSE
	EndGlobalSection
	GlobalSection(ExtensibilityGlobals) = postSolution
		SolutionGuid = {204646F3-A63C-4873-9088-1637D78B6EAF}
	EndGlobalSection
EndGlobal
